
Microsoft Visual Studio Solution File, Format Version 12.00
# Visual Studio 2013
VisualStudioVersion = 12.0.30501.0
MinimumVisualStudioVersion = 10.0.40219.1
Project("{FAE04EC0-301F-11D3-BF4B-00C04F79EFBC}") = "FilterSpamML", "FilterSpamML\FilterSpamML.csproj", "{84C49502-735B-40F6-A215-4D8175F47870}"
EndProject
Project("{FAE04EC0-301F-11D3-BF4B-00C04F79EFBC}") = "NaiveBayes", "NaiveBayes\NaiveBayes.csproj", "{917883FB-804F-4529-BD18-CB12182A1E3C}"
EndProject
Project("{FAE04EC0-301F-11D3-BF4B-00C04F79EFBC}") = "NaiveBayesTests", "NaiveBayesTests\NaiveBayesTests.csproj", "{BBFD2AEA-6A78-48DF-8D7B-2331832EB127}"
EndProject
Global
	GlobalSection(TeamFoundationVersionControl) = preSolution
		SccNumberOfProjects = 2
		SccEnterpriseProvider = {4CA58AB2-18FA-4F8D-95D4-32DDF27D184C}
		SccTeamFoundationServer = https://haroun3amri.visualstudio.com/
		SccProjectUniqueName0 = NaiveBayes\\NaiveBayes.csproj
		SccProjectName0 = NaiveBayes
		SccAuxPath0 = https://haroun3amri.visualstudio.com
		SccLocalPath0 = NaiveBayes
		SccProvider0 = {4CA58AB2-18FA-4F8D-95D4-32DDF27D184C}
		SccProjectUniqueName1 = NaiveBayesTests\\NaiveBayesTests.csproj
		SccProjectName1 = NaiveBayesTests
		SccAuxPath1 = https://haroun3amri.visualstudio.com
		SccLocalPath1 = NaiveBayesTests
		SccProvider1 = {4CA58AB2-18FA-4F8D-95D4-32DDF27D184C}
	EndGlobalSection
	GlobalSection(SolutionConfigurationPlatforms) = preSolution
		Debug|Any CPU = Debug|Any CPU
		Release|Any CPU = Release|Any CPU
	EndGlobalSection
	GlobalSection(ProjectConfigurationPlatforms) = postSolution
		{84C49502-735B-40F6-A215-4D8175F47870}.Debug|Any CPU.ActiveCfg = Debug|Any CPU
		{84C49502-735B-40F6-A215-4D8175F47870}.Debug|Any CPU.Build.0 = Debug|Any CPU
		{84C49502-735B-40F6-A215-4D8175F47870}.Release|Any CPU.ActiveCfg = Release|Any CPU
		{84C49502-735B-40F6-A215-4D8175F47870}.Release|Any CPU.Build.0 = Release|Any CPU
		{917883FB-804F-4529-BD18-CB12182A1E3C}.Debug|Any CPU.ActiveCfg = Debug|Any CPU
		{917883FB-804F-4529-BD18-CB12182A1E3C}.Debug|Any CPU.Build.0 = Debug|Any CPU
		{917883FB-804F-4529-BD18-CB12182A1E3C}.Release|Any CPU.ActiveCfg = Release|Any CPU
		{917883FB-804F-4529-BD18-CB12182A1E3C}.Release|Any CPU.Build.0 = Release|Any CPU
		{BBFD2AEA-6A78-48DF-8D7B-2331832EB127}.Debug|Any CPU.ActiveCfg = Debug|Any CPU
		{BBFD2AEA-6A78-48DF-8D7B-2331832EB127}.Debug|Any CPU.Build.0 = Debug|Any CPU
		{BBFD2AEA-6A78-48DF-8D7B-2331832EB127}.Release|Any CPU.ActiveCfg = Release|Any CPU
		{BBFD2AEA-6A78-48DF-8D7B-2331832EB127}.Release|Any CPU.Build.0 = Release|Any CPU
	EndGlobalSection
	GlobalSection(SolutionProperties) = preSolution
		HideSolutionNode = FALSE
	EndGlobalSection
EndGlobal
